{
  "lockfile_version": "1",
  "packages": {
    "age@1.3.1": {
      "last_modified": "2026-06-27T07:37:20Z",
      "resolved": "github:NixOS/nixpkgs/3d46470bb3030020f7e1361f33514854f5bfa86d#age",
      "source": "devbox-search",
      "version": "1.3.1",
      "systems": {
        "aarch64-darwin": {
          "outputs": [
            {
              "name": "out",
              "path": "/nix/store/9w3kxarsk2dyx51348bnpcc12r34pb0j-age-1.3.1",
              "default": true
            }
          ],
          "store_path": "/nix/store/9w3kxarsk2dyx51348bnpcc12r34pb0j-age-1.3.1"
        },
        "aarch64-linux": {
          "outputs": [
            {
              "name": "out",
              "path": "/nix/store/scmmn2j95r09yn4awzyz83jw0xikcvdr-age-1.3.1",
              "default": true
            }
          ],
          "store_path": "/nix/store/scmmn2j95r09yn4awzyz83jw0xikcvdr-age-1.3.1"
        },
        "x86_64-darwin": {
          "outputs": [
            {
              "name": "out",
              "path": "/nix/store/xb1bm4jymz2paaw31vrymqvsi5b2rf9s-age-1.3.1",
              "default": true
            }
          ],
          "store_path": "/nix/store/xb1bm4jymz2paaw31vrymqvsi5b2rf9s-age-1.3.1"
        },
        "x86_64-linux": {
          "outputs": [
            {
              "name": "out",
              "path": "/nix/store/05mz78cn3v2qjwx6d41finlv21m7ysyf-age-1.3.1",
              "default": true
            }
          ],
          "store_path": "/nix/store/05mz78cn3v2qjwx6d41finlv21m7ysyf-age-1.3.1"
        }
      }
    },
    "ansible-builder@3.1.1": {
      "last_modified": "2026-06-28T17:12:19Z",
      "resolved": "github:NixOS/nixpkgs/534ee3d8beb1737b5342995f8837e2b2705ce0d8#ansible-builder",
      "source": "devbox-search",
      "version": "3.1.1",
      "systems": {
        "aarch64-darwin": {
          "outputs": [
            {
              "name": "out",
              "path": "/nix/store/z520k1diq2z4c9ijghip42nkdgyy1k42-python3.13-ansible-builder-3.1.1",
              "default": true
            },
            {
              "name": "dist",
              "path": "/nix/store/rqrmhzyrv487s54f8mzhqxdin5hxzb4g-python3.13-ansible-builder-3.1.1-dist"
            }
          ],
          "store_path": "/nix/store/z520k1diq2z4c9ijghip42nkdgyy1k42-python3.13-ansible-builder-3.1.1"
        },
        "aarch64-linux": {
          "outputs": [
            {
              "name": "out",
              "path": "/nix/store/fbm2bnl87k2i7minwljslv1pjx11miqr-python3.13-ansible-builder-3.1.1",
              "default": true
            },
            {
              "name": "dist",
              "path": "/nix/store/avbd494v1cw9rxl6rzra1xxmknipj3f3-python3.13-ansible-builder-3.1.1-dist"
            }
          ],
          "store_path": "/nix/store/fbm2bnl87k2i7minwljslv1pjx11miqr-python3.13-ansible-builder-3.1.1"
        },
        "x86_64-darwin": {
          "outputs": [
            {
              "name": "out",
              "path": "/nix/store/8g4babrzpq3kq9qbwi4jpclgh5jljl1r-python3.13-ansible-builder-3.1.1",
              "default": true
            },
            {
              "name": "dist",
              "path": "/nix/store/652j61bvqscgzxqchd1kgqnxrc706xxs-python3.13-ansible-builder-3.1.1-dist"
            }
          ],
          "store_path": "/nix/store/8g4babrzpq3kq9qbwi4jpclgh5jljl1r-python3.13-ansible-builder-3.1.1"
        },
        "x86_64-linux": {
          "outputs": [
            {
              "name": "out",
              "path": "/nix/store/wcm0224g5a72wz6799l4p036shnr66gj-python3.13-ansible-builder-3.1.1",
              "default": true
            },
            {
              "name": "dist",
              "path": "/nix/store/5lhzrpa9302wx0hkh3dizq3mnng9rkw8-python3.13-ansible-builder-3.1.1-dist"
            }
          ],
          "store_path": "/nix/store/wcm0224g5a72wz6799l4p036shnr66gj-python3.13-ansible-builder-3.1.1"
        }
      }
    },
    "ansible-navigator@26.6.0": {
      "last_modified": "2026-07-23T05:10:05Z",
      "resolved": "github:NixOS/nixpkgs/7525d999cd850b9a488817abc89c75dc733acf17#ansible-navigator",
      "source": "devbox-search",
      "version": "26.6.0",
      "systems": {
        "aarch64-darwin": {
          "outputs": [
            {
              "name": "out",
              "path": "/nix/store/z2b1gnbf0c0i0ln0s9vcb068ik2nk06m-ansible-navigator-26.6.0",
              "default": true
            },
            {
              "name": "dist",
              "path": "/nix/store/s37kcl84vimbshj7i3b5nmskds8fvm3f-ansible-navigator-26.6.0-dist"
            }
          ],
          "store_path": "/nix/store/z2b1gnbf0c0i0ln0s9vcb068ik2nk06m-ansible-navigator-26.6.0"
        },
        "aarch64-linux": {
          "outputs": [
            {
              "name": "out",
              "path": "/nix/store/xxznfffhfbj64vzcywmaqn8q44jqhzm0-ansible-navigator-26.6.0",
              "default": true
            },
            {
              "name": "dist",
              "path": "/nix/store/2qdif9ihazra5pc4j7hlgxwsa5392fc5-ansible-navigator-26.6.0-dist"
            }
          ],
          "store_path": "/nix/store/xxznfffhfbj64vzcywmaqn8q44jqhzm0-ansible-navigator-26.6.0"
        },
        "x86_64-linux": {
          "outputs": [
            {
              "name": "out",
              "path": "/nix/store/klx244wb3yfs1v7z273l93npb6qqvn3y-ansible-navigator-26.6.0",
              "default": true
            },
            {
              "name": "dist",
              "path": "/nix/store/4g79vpdh85211zlzk230j9qwjm99288c-ansible-navigator-26.6.0-dist"
            }
          ],
          "store_path": "/nix/store/klx244wb3yfs1v7z273l93npb6qqvn3y-ansible-navigator-26.6.0"
        }
      }
    },
    "ansible@2.21.1": {
      "last_modified": "2026-06-27T07:37:20Z",
      "resolved": "github:NixOS/nixpkgs/3d46470bb3030020f7e1361f33514854f5bfa86d#ansible",
      "source": "devbox-search",
      "version": "2.21.1",
      "systems": {
        "aarch64-darwin": {
          "outputs": [
            {
              "name": "out",
              "path": "/nix/store/krg483398knz13vzxhsg1rnd9y3fpwba-python3.13-ansible-core-2.21.1",
              "default": true
            },
            {
              "name": "dist",
              "path": "/nix/store/zgjvv3r8wcaxbjxgk74jj9y41ahy9klz-python3.13-ansible-core-2.21.1-dist"
            }
          ],
          "store_path": "/nix/store/krg483398knz13vzxhsg1rnd9y3fpwba-python3.13-ansible-core-2.21.1"
        },
        "aarch64-linux": {
          "outputs": [
            {
              "name": "out",
              "path": "/nix/store/v1s3zlvdhisddcmd7jjzkgnby1sal2a9-python3.13-ansible-core-2.21.1",
              "default": true
            },
            {
              "name": "dist",
              "path": "/nix/store/6mamiiqazf1x1vdja0cfcvhp6fr6g1l8-python3.13-ansible-core-2.21.1-dist"
            }
          ],
          "store_path": "/nix/store/v1s3zlvdhisddcmd7jjzkgnby1sal2a9-python3.13-ansible-core-2.21.1"
        },
        "x86_64-darwin": {
          "outputs": [
            {
              "name": "out",
              "path": "/nix/store/291ym9bdzf65w9bij0n7hgih9np4lzd4-python3.13-ansible-core-2.21.1",
              "default": true
            },
            {
              "name": "dist",
              "path": "/nix/store/zpsfwv55vvv228rm95yvvw3i1q5j26jy-python3.13-ansible-core-2.21.1-dist"
            }
          ],
          "store_path": "/nix/store/291ym9bdzf65w9bij0n7hgih9np4lzd4-python3.13-ansible-core-2.21.1"
        },
        "x86_64-linux": {
          "outputs": [
            {
              "name": "out",
              "path": "/nix/store/vl7gpdqdd384wsnrbiz69jwr01lkzwwb-python3.13-ansible-core-2.21.1",
              "default": true
            },
            {
              "name": "dist",
              "path": "/nix/store/bf3x43wmgz7dv9qmvgicqk0h7a4fqb8g-python3.13-ansible-core-2.21.1-dist"
            }
          ],
          "store_path": "/nix/store/vl7gpdqdd384wsnrbiz69jwr01lkzwwb-python3.13-ansible-core-2.21.1"
        }
      }
    },
    "github:NixOS/nixpkgs/nixpkgs-unstable": {
      "last_modified": "2026-07-01T15:14:03Z",
      "resolved": "github:NixOS/nixpkgs/e8273b29fe1390ec8d4603f2477357555291432e?lastModified=1782918843&narHash=sha256-ETYnV9U7Sr%2BA45dohzZdfCZKOss4qrTkO%2BwgNZNvEc0%3D"
    },
    "helmfile@1.7.1": {
      "last_modified": "2026-08-01T16:34:20Z",
      "resolved": "github:NixOS/nixpkgs/a5cbcfe954791221bfffe2307f7d1a1bf61a871e#helmfile",
      "source": "devbox-search",
      "version": "1.7.1",
      "systems": {
        "aarch64-darwin": {
          "outputs": [
            {
              "name": "out",
              "path": "/nix/store/79lyrmjdjbrw0l8sn0qcrimdn779307b-helmfile-1.7.1",
              "default": true
            }
          ],
          "store_path": "/nix/store/79lyrmjdjbrw0l8sn0qcrimdn779307b-helmfile-1.7.1"
        },
        "aarch64-linux": {
          "outputs": [
            {
              "name": "out",
              "path": "/nix/store/cnm97mala72xrdb70b6snsbh77cyf6q6-helmfile-1.7.1",
              "default": true
            }
          ],
          "store_path": "/nix/store/cnm97mala72xrdb70b6snsbh77cyf6q6-helmfile-1.7.1"
        },
        "x86_64-linux": {
          "outputs": [
            {
              "name": "out",
              "path": "/nix/store/3cq0vn25hlpair370cgdkvgms4zv0y15-helmfile-1.7.1",
              "default": true
            }
          ],
          "store_path": "/nix/store/3cq0vn25hlpair370cgdkvgms4zv0y15-helmfile-1.7.1"
        }
      }
    },
    "k9s@0.51.0": {
      "last_modified": "2026-07-23T05:10:05Z",
      "resolved": "github:NixOS/nixpkgs/7525d999cd850b9a488817abc89c75dc733acf17#k9s",
      "source": "devbox-search",
      "version": "0.51.0",
      "systems": {
        "aarch64-darwin": {
          "outputs": [
            {
              "name": "out",
              "path": "/nix/store/0agfzi87wqjpy50iq6kwlgrlix2vzp5x-k9s-0.51.0",
              "default": true
            }
          ],
          "store_path": "/nix/store/0agfzi87wqjpy50iq6kwlgrlix2vzp5x-k9s-0.51.0"
        },
        "aarch64-linux": {
          "outputs": [
            {
              "name": "out",
              "path": "/nix/store/mkifhlnnn1lzvv4i7q42hjccs4wymbxk-k9s-0.51.0",
              "default": true
            }
          ],
          "store_path": "/nix/store/mkifhlnnn1lzvv4i7q42hjccs4wymbxk-k9s-0.51.0"
        },
        "x86_64-darwin": {
          "outputs": [
            {
              "name": "out",
              "path": "/nix/store/b8x9cy329sqgznfv0im37nddbsphjx2m-k9s-0.51.0",
              "default": true
            }
          ],
          "store_path": "/nix/store/b8x9cy329sqgznfv0im37nddbsphjx2m-k9s-0.51.0"
        },
        "x86_64-linux": {
          "outputs": [
            {
              "name": "out",
              "path": "/nix/store/0dmxnhjyxkamf3j3sizjdlmhdga6acbc-k9s-0.51.0",
              "default": true
            }
          ],
          "store_path": "/nix/store/0dmxnhjyxkamf3j3sizjdlmhdga6acbc-k9s-0.51.0"
        }
      }
    },
    "kubectl@1.36.3": {
      "last_modified": "2026-08-01T16:34:20Z",
      "resolved": "github:NixOS/nixpkgs/a5cbcfe954791221bfffe2307f7d1a1bf61a871e#kubectl",
      "source": "devbox-search",
      "version": "1.36.3",
      "systems": {
        "aarch64-darwin": {
          "outputs": [
            {
              "name": "out",
              "path": "/nix/store/3qb9nx5p60da5mxgpqykdgmr5yy63b25-kubectl-1.36.3",
              "default": true
            },
            {
              "name": "man",
              "path": "/nix/store/d5nh9pwixcm9672rhqwy655k9i2a26lp-kubectl-1.36.3-man",
              "default": true
            },
            {
              "name": "convert",
              "path": "/nix/store/yzb59f5y4qhra438w2lma11svrl58j9w-kubectl-1.36.3-convert"
            }
          ],
          "store_path": "/nix/store/3qb9nx5p60da5mxgpqykdgmr5yy63b25-kubectl-1.36.3"
        },
        "aarch64-linux": {
          "outputs": [
            {
              "name": "out",
              "path": "/nix/store/hrvl2jwvk4n983cm0pznqqq1wngkz5wi-kubectl-1.36.3",
              "default": true
            },
            {
              "name": "man",
              "path": "/nix/store/c2pj3axay86cxhmi9fmxd5g0rm7cpxb9-kubectl-1.36.3-man",
              "default": true
            },
            {
              "name": "convert",
              "path": "/nix/store/mj3q2rip56ykf0amhi5qldmpzmcwhl7s-kubectl-1.36.3-convert"
            }
          ],
          "store_path": "/nix/store/hrvl2jwvk4n983cm0pznqqq1wngkz5wi-kubectl-1.36.3"
        },
        "x86_64-linux": {
          "outputs": [
            {
              "name": "out",
              "path": "/nix/store/gr13vsi0xrrw3y6fpyrk2kgmkidpqrm9-kubectl-1.36.3",
              "default": true
            },
            {
              "name": "man",
              "path": "/nix/store/1yn762n6qnzpbrvmrz4qh1fd3gphg78z-kubectl-1.36.3-man",
              "default": true
            },
            {
              "name": "convert",
              "path": "/nix/store/xm69shzq95d044c87296rjfsq6a9fi3d-kubectl-1.36.3-convert"
            }
          ],
          "store_path": "/nix/store/gr13vsi0xrrw3y6fpyrk2kgmkidpqrm9-kubectl-1.36.3"
        }
      }
    },
    "kubernetes-helm@4.2.3": {
      "last_modified": "2026-07-23T05:10:05Z",
      "resolved": "github:NixOS/nixpkgs/7525d999cd850b9a488817abc89c75dc733acf17#kubernetes-helm",
      "source": "devbox-search",
      "version": "4.2.3",
      "systems": {
        "aarch64-darwin": {
          "outputs": [
            {
              "name": "out",
              "path": "/nix/store/pskv3khyizrc09rnqrp6d0wn5pllripx-kubernetes-helm-4.2.3",
              "default": true
            }
          ],
          "store_path": "/nix/store/pskv3khyizrc09rnqrp6d0wn5pllripx-kubernetes-helm-4.2.3"
        },
        "aarch64-linux": {
          "outputs": [
            {
              "name": "out",
              "path": "/nix/store/k99lgyz9k814kr389jirpim37nqpi7qp-kubernetes-helm-4.2.3",
              "default": true
            }
          ],
          "store_path": "/nix/store/k99lgyz9k814kr389jirpim37nqpi7qp-kubernetes-helm-4.2.3"
        },
        "x86_64-linux": {
          "outputs": [
            {
              "name": "out",
              "path": "/nix/store/n1rbyfp9sn0r0gzx4z9lniisiad9h5yq-kubernetes-helm-4.2.3",
              "default": true
            }
          ],
          "store_path": "/nix/store/n1rbyfp9sn0r0gzx4z9lniisiad9h5yq-kubernetes-helm-4.2.3"
        }
      }
    },
    "opentofu@1.12.5": {
      "last_modified": "2026-08-01T16:34:20Z",
      "resolved": "github:NixOS/nixpkgs/a5cbcfe954791221bfffe2307f7d1a1bf61a871e#opentofu",
      "source": "devbox-search",
      "version": "1.12.5",
      "systems": {
        "aarch64-darwin": {
          "outputs": [
            {
              "name": "out",
              "path": "/nix/store/qsy51q5yhzi75ky96hqbjjdp5zsx11qy-opentofu-1.12.5",
              "default": true
            }
          ],
          "store_path": "/nix/store/qsy51q5yhzi75ky96hqbjjdp5zsx11qy-opentofu-1.12.5"
        },
        "aarch64-linux": {
          "outputs": [
            {
              "name": "out",
              "path": "/nix/store/3sm913zd9396npr6iyzi3yqh19v7r4v2-opentofu-1.12.5",
              "default": true
            }
          ],
          "store_path": "/nix/store/3sm913zd9396npr6iyzi3yqh19v7r4v2-opentofu-1.12.5"
        },
        "x86_64-linux": {
          "outputs": [
            {
              "name": "out",
              "path": "/nix/store/9dj5sdaq6vksi96ibn9vpyzjcbhf26jv-opentofu-1.12.5",
              "default": true
            }
          ],
          "store_path": "/nix/store/9dj5sdaq6vksi96ibn9vpyzjcbhf26jv-opentofu-1.12.5"
        }
      }
    },
    "podman@5.8.4": {
      "last_modified": "2026-06-28T17:12:19Z",
      "resolved": "github:NixOS/nixpkgs/534ee3d8beb1737b5342995f8837e2b2705ce0d8#podman",
      "source": "devbox-search",
      "version": "5.8.4",
      "systems": {
        "aarch64-linux": {
          "outputs": [
            {
              "name": "out",
              "path": "/nix/store/v4igh71l48jffh8365yzf5zsvvgwjw22-podman-5.8.4",
              "default": true
            },
            {
              "name": "man",
              "path": "/nix/store/x402aq192rsq51q6n86z4ibsng58s9p5-podman-5.8.4-man",
              "default": true
            }
          ],
          "store_path": "/nix/store/v4igh71l48jffh8365yzf5zsvvgwjw22-podman-5.8.4"
        },
        "x86_64-linux": {
          "outputs": [
            {
              "name": "out",
              "path": "/nix/store/9r9fzfgrdwsgshz4rpv2093y4lv3nrfh-podman-5.8.4",
              "default": true
            },
            {
              "name": "man",
              "path": "/nix/store/hxnj6bx3kfay36jf6ds7i60j40h5db9q-podman-5.8.4-man",
              "default": true
            }
          ],
          "store_path": "/nix/store/9r9fzfgrdwsgshz4rpv2093y4lv3nrfh-podman-5.8.4"
        }
      }
    },
    "pre-commit@4.5.1": {
      "last_modified": "2026-06-27T07:37:20Z",
      "resolved": "github:NixOS/nixpkgs/3d46470bb3030020f7e1361f33514854f5bfa86d#pre-commit",
      "source": "devbox-search",
      "version": "4.5.1",
      "systems": {
        "aarch64-darwin": {
          "outputs": [
            {
              "name": "out",
              "path": "/nix/store/3a82wd5rc40p6nb5m6q779pm6mb5z54s-pre-commit-4.5.1",
              "default": true
            },
            {
              "name": "dist",
              "path": "/nix/store/sp0ikhh5qy1m8sx78n1d0bbfngcxiqap-pre-commit-4.5.1-dist"
            }
          ],
          "store_path": "/nix/store/3a82wd5rc40p6nb5m6q779pm6mb5z54s-pre-commit-4.5.1"
        },
        "aarch64-linux": {
          "outputs": [
            {
              "name": "out",
              "path": "/nix/store/f3y3xqyq6bwqpxma3b1vgrgg27gmwcla-pre-commit-4.5.1",
              "default": true
            },
            {
              "name": "dist",
              "path": "/nix/store/xx4dp6ajrcnhlakanf0y7jl406ri1chs-pre-commit-4.5.1-dist"
            }
          ],
          "store_path": "/nix/store/f3y3xqyq6bwqpxma3b1vgrgg27gmwcla-pre-commit-4.5.1"
        },
        "x86_64-darwin": {
          "outputs": [
            {
              "name": "out",
              "path": "/nix/store/51i9rjiyhdnxd96rp3cc8ykhcld7zhqq-pre-commit-4.5.1",
              "default": true
            },
            {
              "name": "dist",
              "path": "/nix/store/hphzzlh3q6nz74px0mq2a1h7yqkyr35b-pre-commit-4.5.1-dist"
            }
          ],
          "store_path": "/nix/store/51i9rjiyhdnxd96rp3cc8ykhcld7zhqq-pre-commit-4.5.1"
        },
        "x86_64-linux": {
          "outputs": [
            {
              "name": "out",
              "path": "/nix/store/pi00kf1m0bs82i4f3gjhyjavczhza541-pre-commit-4.5.1",
              "default": true
            },
            {
              "name": "dist",
              "path": "/nix/store/h99x0cd5s00nyp3l9f9cr8wlzm811vaz-pre-commit-4.5.1-dist"
            }
          ],
          "store_path": "/nix/store/pi00kf1m0bs82i4f3gjhyjavczhza541-pre-commit-4.5.1"
        }
      }
    },
    "restic@0.19.1": {
      "last_modified": "2026-07-23T05:10:05Z",
      "resolved": "github:NixOS/nixpkgs/7525d999cd850b9a488817abc89c75dc733acf17#restic",
      "source": "devbox-search",
      "version": "0.19.1",
      "systems": {
        "aarch64-darwin": {
          "outputs": [
            {
              "name": "out",
              "path": "/nix/store/4hls20ra9x5znzv2c0kl8p6pvb40ni66-restic-0.19.1",
              "default": true
            }
          ],
          "store_path": "/nix/store/4hls20ra9x5znzv2c0kl8p6pvb40ni66-restic-0.19.1"
        },
        "aarch64-linux": {
          "outputs": [
            {
              "name": "out",
              "path": "/nix/store/dq2iz3m7bhw08q8f0gxrd6dvig2l21h1-restic-0.19.1",
              "default": true
            }
          ],
          "store_path": "/nix/store/dq2iz3m7bhw08q8f0gxrd6dvig2l21h1-restic-0.19.1"
        },
        "x86_64-darwin": {
          "outputs": [
            {
              "name": "out",
              "path": "/nix/store/vpzaazwbzg9fm09d0vnd44hal1p18k37-restic-0.19.1",
              "default": true
            }
          ],
          "store_path": "/nix/store/vpzaazwbzg9fm09d0vnd44hal1p18k37-restic-0.19.1"
        },
        "x86_64-linux": {
          "outputs": [
            {
              "name": "out",
              "path": "/nix/store/bnp1g9ksgdgdr8w9p506jrac0397q5qb-restic-0.19.1",
              "default": true
            }
          ],
          "store_path": "/nix/store/bnp1g9ksgdgdr8w9p506jrac0397q5qb-restic-0.19.1"
        }
      }
    },
    "sops@3.13.3": {
      "last_modified": "2026-08-01T16:34:20Z",
      "resolved": "github:NixOS/nixpkgs/a5cbcfe954791221bfffe2307f7d1a1bf61a871e#sops",
      "source": "devbox-search",
      "version": "3.13.3",
      "systems": {
        "aarch64-darwin": {
          "outputs": [
            {
              "name": "out",
              "path": "/nix/store/v66nkhq6y3dw41lmq8z4wj6h5jk4as9j-sops-3.13.3",
              "default": true
            }
          ],
          "store_path": "/nix/store/v66nkhq6y3dw41lmq8z4wj6h5jk4as9j-sops-3.13.3"
        },
        "aarch64-linux": {
          "outputs": [
            {
              "name": "out",
              "path": "/nix/store/048q8lb310573ss7lg0gxhd7nw1gq5rl-sops-3.13.3",
              "default": true
            }
          ],
          "store_path": "/nix/store/048q8lb310573ss7lg0gxhd7nw1gq5rl-sops-3.13.3"
        },
        "x86_64-linux": {
          "outputs": [
            {
              "name": "out",
              "path": "/nix/store/yvr8hphgpqyj6s46y0mld7w0r31rirwk-sops-3.13.3",
              "default": true
            }
          ],
          "store_path": "/nix/store/yvr8hphgpqyj6s46y0mld7w0r31rirwk-sops-3.13.3"
        }
      }
    }
  }
}
